
Microsoft Visual Studio Solution File, Format Version 12.00
# Visual Studio 15
VisualStudioVersion = 15.0.26124.0
MinimumVisualStudioVersion = 15.0.26124.0
Project("{FAE04EC0-301F-11D3-BF4B-00C04F79EFBC}") = "HoneyDo.Domain", "HoneyDo.Domain\HoneyDo.Domain.csproj", "{E2109A1B-584D-4067-9A02-9A97EB8BB65A}"
EndProject
Project("{FAE04EC0-301F-11D3-BF4B-00C04F79EFBC}") = "HoneyDo.Test", "HoneyDo.Test\HoneyDo.Test.csproj", "{BF4EA06A-16AA-44BB-AA14-BEE2C1D82537}"
EndProject
Project("{FAE04EC0-301F-11D3-BF4B-00C04F79EFBC}") = "HoneyDo.Web", "HoneyDo.Web\HoneyDo.Web.csproj", "{E5B95E34-36EC-424D-BB2C-F31F9DA21879}"
EndProject
Global
	GlobalSection(SolutionConfigurationPlatforms) = preSolution
		Debug|Any CPU = Debug|Any CPU
		Debug|x64 = Debug|x64
		Debug|x86 = Debug|x86
		Release|Any CPU = Release|Any CPU
		Release|x64 = Release|x64
		Release|x86 = Release|x86
	EndGlobalSection
	GlobalSection(SolutionProperties) = preSolution
		HideSolutionNode = FALSE
	EndGlobalSection
	GlobalSection(ProjectConfigurationPlatforms) = postSolution
		{E2109A1B-584D-4067-9A02-9A97EB8BB65A}.Debug|Any CPU.ActiveCfg = Debug|Any CPU
		{E2109A1B-584D-4067-9A02-9A97EB8BB65A}.Debug|Any CPU.Build.0 = Debug|Any CPU
		{E2109A1B-584D-4067-9A02-9A97EB8BB65A}.Debug|x64.ActiveCfg = Debug|Any CPU
		{E2109A1B-584D-4067-9A02-9A97EB8BB65A}.Debug|x64.Build.0 = Debug|Any CPU
		{E2109A1B-584D-4067-9A02-9A97EB8BB65A}.Debug|x86.ActiveCfg = Debug|Any CPU
		{E2109A1B-584D-4067-9A02-9A97EB8BB65A}.Debug|x86.Build.0 = Debug|Any CPU
		{E2109A1B-584D-4067-9A02-9A97EB8BB65A}.Release|Any CPU.ActiveCfg = Release|Any CPU
		{E2109A1B-584D-4067-9A02-9A97EB8BB65A}.Release|Any CPU.Build.0 = Release|Any CPU
		{E2109A1B-584D-4067-9A02-9A97EB8BB65A}.Release|x64.ActiveCfg = Release|Any CPU
		{E2109A1B-584D-4067-9A02-9A97EB8BB65A}.Release|x64.Build.0 = Release|Any CPU
		{E2109A1B-584D-4067-9A02-9A97EB8BB65A}.Release|x86.ActiveCfg = Release|Any CPU
		{E2109A1B-584D-4067-9A02-9A97EB8BB65A}.Release|x86.Build.0 = Release|Any CPU
		{BF4EA06A-16AA-44BB-AA14-BEE2C1D82537}.Debug|Any CPU.ActiveCfg = Debug|Any CPU
		{BF4EA06A-16AA-44BB-AA14-BEE2C1D82537}.Debug|Any CPU.Build.0 = Debug|Any CPU
		{BF4EA06A-16AA-44BB-AA14-BEE2C1D82537}.Debug|x64.ActiveCfg = Debug|Any CPU
		{BF4EA06A-16AA-44BB-AA14-BEE2C1D82537}.Debug|x64.Build.0 = Debug|Any CPU
		{BF4EA06A-16AA-44BB-AA14-BEE2C1D82537}.Debug|x86.ActiveCfg = Debug|Any CPU
		{BF4EA06A-16AA-44BB-AA14-BEE2C1D82537}.Debug|x86.Build.0 = Debug|Any CPU
		{BF4EA06A-16AA-44BB-AA14-BEE2C1D82537}.Release|Any CPU.ActiveCfg = Release|Any CPU
		{BF4EA06A-16AA-44BB-AA14-BEE2C1D82537}.Release|Any CPU.Build.0 = Release|Any CPU
		{BF4EA06A-16AA-44BB-AA14-BEE2C1D82537}.Release|x64.ActiveCfg = Release|Any CPU
		{BF4EA06A-16AA-44BB-AA14-BEE2C1D82537}.Release|x64.Build.0 = Release|Any CPU
		{BF4EA06A-16AA-44BB-AA14-BEE2C1D82537}.Release|x86.ActiveCfg = Release|Any CPU
		{BF4EA06A-16AA-44BB-AA14-BEE2C1D82537}.Release|x86.Build.0 = Release|Any CPU
		{E5B95E34-36EC-424D-BB2C-F31F9DA21879}.Debug|Any CPU.ActiveCfg = Debug|Any CPU
		{E5B95E34-36EC-424D-BB2C-F31F9DA21879}.Debug|Any CPU.Build.0 = Debug|Any CPU
		{E5B95E34-36EC-424D-BB2C-F31F9DA21879}.Debug|x64.ActiveCfg = Debug|Any CPU
		{E5B95E34-36EC-424D-BB2C-F31F9DA21879}.Debug|x64.Build.0 = Debug|Any CPU
		{E5B95E34-36EC-424D-BB2C-F31F9DA21879}.Debug|x86.ActiveCfg = Debug|Any CPU
		{E5B95E34-36EC-424D-BB2C-F31F9DA21879}.Debug|x86.Build.0 = Debug|Any CPU
		{E5B95E34-36EC-424D-BB2C-F31F9DA21879}.Release|Any CPU.ActiveCfg = Release|Any CPU
		{E5B95E34-36EC-424D-BB2C-F31F9DA21879}.Release|Any CPU.Build.0 = Release|Any CPU
		{E5B95E34-36EC-424D-BB2C-F31F9DA21879}.Release|x64.ActiveCfg = Release|Any CPU
		{E5B95E34-36EC-424D-BB2C-F31F9DA21879}.Release|x64.Build.0 = Release|Any CPU
		{E5B95E34-36EC-424D-BB2C-F31F9DA21879}.Release|x86.ActiveCfg = Release|Any CPU
		{E5B95E34-36EC-424D-BB2C-F31F9DA21879}.Release|x86.Build.0 = Release|Any CPU
	EndGlobalSection
EndGlobal
